// !$*UTF8*$!
{
	archiveVersion = 1;
	classes = {
	};
	objectVersion = 46;
	objects = {

/* Begin PBXBuildFile section */
		5646D7AF1EE1352600A92320 /* NSTimer+IDPExtensions.m in Sources */ = {isa = PBXBuildFile; fileRef = 5646D7AE1EE1352600A92320 /* NSTimer+IDPExtensions.m */; };
		56495AA31EDDB8F800265874 /* IDPCar.m in Sources */ = {isa = PBXBuildFile; fileRef = 56495A7E1EDDB8F800265874 /* IDPCar.m */; };
		56495AA41EDDB8F800265874 /* IDPCarDispatcher.m in Sources */ = {isa = PBXBuildFile; fileRef = 56495A801EDDB8F800265874 /* IDPCarDispatcher.m */; };
		56495AA51EDDB8F800265874 /* IDPEnterprise.m in Sources */ = {isa = PBXBuildFile; fileRef = 56495A821EDDB8F800265874 /* IDPEnterprise.m */; };
		56495AA61EDDB8F800265874 /* IDPQueue.m in Sources */ = {isa = PBXBuildFile; fileRef = 56495A841EDDB8F800265874 /* IDPQueue.m */; };
		56495AA71EDDB8F800265874 /* NSArray+IDPExtensions.m in Sources */ = {isa = PBXBuildFile; fileRef = 56495A871EDDB8F800265874 /* NSArray+IDPExtensions.m */; };
		56495AA81EDDB8F800265874 /* NSMutableArray+IDPExtensions.m in Sources */ = {isa = PBXBuildFile; fileRef = 56495A891EDDB8F800265874 /* NSMutableArray+IDPExtensions.m */; };
		56495AA91EDDB8F800265874 /* NSObject+IDPExtensions.m in Sources */ = {isa = PBXBuildFile; fileRef = 56495A8B1EDDB8F800265874 /* NSObject+IDPExtensions.m */; };
		56495AAA1EDDB8F800265874 /* IDPConstants.m in Sources */ = {isa = PBXBuildFile; fileRef = 56495A8E1EDDB8F800265874 /* IDPConstants.m */; };
		56495AAB1EDDB8F800265874 /* IDPRandom.m in Sources */ = {isa = PBXBuildFile; fileRef = 56495A911EDDB8F800265874 /* IDPRandom.m */; };
		56495AAC1EDDB8F800265874 /* main.m in Sources */ = {isa = PBXBuildFile; fileRef = 56495A921EDDB8F800265874 /* main.m */; };
		56495AAD1EDDB8F800265874 /* IDPCarWashTests.m in Sources */ = {isa = PBXBuildFile; fileRef = 56495A951EDDB8F800265874 /* IDPCarWashTests.m */; };
		56495AAE1EDDB8F800265874 /* IDPAccountant.m in Sources */ = {isa = PBXBuildFile; fileRef = 56495A981EDDB8F800265874 /* IDPAccountant.m */; };
		56495AAF1EDDB8F800265874 /* IDPDirector.m in Sources */ = {isa = PBXBuildFile; fileRef = 56495A9A1EDDB8F800265874 /* IDPDirector.m */; };
		56495AB01EDDB8F800265874 /* IDPObservableObject.m in Sources */ = {isa = PBXBuildFile; fileRef = 56495A9D1EDDB8F800265874 /* IDPObservableObject.m */; };
		56495AB11EDDB8F800265874 /* IDPWasher.m in Sources */ = {isa = PBXBuildFile; fileRef = 56495A9F1EDDB8F800265874 /* IDPWasher.m */; };
		56495AB21EDDB8F800265874 /* IDPWorker.m in Sources */ = {isa = PBXBuildFile; fileRef = 56495AA11EDDB8F800265874 /* IDPWorker.m */; };
/* End PBXBuildFile section */

/* Begin PBXCopyFilesBuildPhase section */
		56ADF7CA1ED320C4009703E6 /* CopyFiles */ = {
			isa = PBXCopyFilesBuildPhase;
			buildActionMask = 2147483647;
			dstPath = /usr/share/man/man1/;
			dstSubfolderSpec = 0;
			files = (
			);
			runOnlyForDeploymentPostprocessing = 1;
		};
/* End PBXCopyFilesBuildPhase section */

/* Begin PBXFileReference section */
		5646D7AD1EE1352600A92320 /* NSTimer+IDPExtensions.h */ = {isa = PBXFileReference; fileEncoding = 4; lastKnownFileType = sourcecode.c.h; path = "NSTimer+IDPExtensions.h"; sourceTree = "<group>"; };
		5646D7AE1EE1352600A92320 /* NSTimer+IDPExtensions.m */ = {isa = PBXFileReference; fileEncoding = 4; lastKnownFileType = sourcecode.c.objc; path = "NSTimer+IDPExtensions.m"; sourceTree = "<group>"; };
		56495A7D1EDDB8F800265874 /* IDPCar.h */ = {isa = PBXFileReference; fileEncoding = 4; lastKnownFileType = sourcecode.c.h; path = IDPCar.h; sourceTree = "<group>"; };
		56495A7E1EDDB8F800265874 /* IDPCar.m */ = {isa = PBXFileReference; fileEncoding = 4; lastKnownFileType = sourcecode.c.objc; path = IDPCar.m; sourceTree = "<group>"; };
		56495A7F1EDDB8F800265874 /* IDPCarDispatcher.h */ = {isa = PBXFileReference; fileEncoding = 4; lastKnownFileType = sourcecode.c.h; path = IDPCarDispatcher.h; sourceTree = "<group>"; };
		56495A801EDDB8F800265874 /* IDPCarDispatcher.m */ = {isa = PBXFileReference; fileEncoding = 4; lastKnownFileType = sourcecode.c.objc; path = IDPCarDispatcher.m; sourceTree = "<group>"; };
		56495A811EDDB8F800265874 /* IDPEnterprise.h */ = {isa = PBXFileReference; fileEncoding = 4; lastKnownFileType = sourcecode.c.h; path = IDPEnterprise.h; sourceTree = "<group>"; };
		56495A821EDDB8F800265874 /* IDPEnterprise.m */ = {isa = PBXFileReference; fileEncoding = 4; lastKnownFileType = sourcecode.c.objc; path = IDPEnterprise.m; sourceTree = "<group>"; };
		56495A831EDDB8F800265874 /* IDPQueue.h */ = {isa = PBXFileReference; fileEncoding = 4; lastKnownFileType = sourcecode.c.h; path = IDPQueue.h; sourceTree = "<group>"; };
		56495A841EDDB8F800265874 /* IDPQueue.m */ = {isa = PBXFileReference; fileEncoding = 4; lastKnownFileType = sourcecode.c.objc; path = IDPQueue.m; sourceTree = "<group>"; };
		56495A861EDDB8F800265874 /* NSArray+IDPExtensions.h */ = {isa = PBXFileReference; fileEncoding = 4; lastKnownFileType = sourcecode.c.h; path = "NSArray+IDPExtensions.h"; sourceTree = "<group>"; };
		56495A871EDDB8F800265874 /* NSArray+IDPExtensions.m */ = {isa = PBXFileReference; fileEncoding = 4; lastKnownFileType = sourcecode.c.objc; path = "NSArray+IDPExtensions.m"; sourceTree = "<group>"; };
		56495A881EDDB8F800265874 /* NSMutableArray+IDPExtensions.h */ = {isa = PBXFileReference; fileEncoding = 4; lastKnownFileType = sourcecode.c.h; path = "NSMutableArray+IDPExtensions.h"; sourceTree = "<group>"; };
		56495A891EDDB8F800265874 /* NSMutableArray+IDPExtensions.m */ = {isa = PBXFileReference; fileEncoding = 4; lastKnownFileType = sourcecode.c.objc; path = "NSMutableArray+IDPExtensions.m"; sourceTree = "<group>"; };
		56495A8A1EDDB8F800265874 /* NSObject+IDPExtensions.h */ = {isa = PBXFileReference; fileEncoding = 4; lastKnownFileType = sourcecode.c.h; path = "NSObject+IDPExtensions.h"; sourceTree = "<group>"; };
		56495A8B1EDDB8F800265874 /* NSObject+IDPExtensions.m */ = {isa = PBXFileReference; fileEncoding = 4; lastKnownFileType = sourcecode.c.objc; path = "NSObject+IDPExtensions.m"; sourceTree = "<group>"; };
		56495A8D1EDDB8F800265874 /* IDPConstants.h */ = {isa = PBXFileReference; fileEncoding = 4; lastKnownFileType = sourcecode.c.h; path = IDPConstants.h; sourceTree = "<group>"; };
		56495A8E1EDDB8F800265874 /* IDPConstants.m */ = {isa = PBXFileReference; fileEncoding = 4; lastKnownFileType = sourcecode.c.objc; path = IDPConstants.m; sourceTree = "<group>"; };
		56495A8F1EDDB8F800265874 /* IDPMacros.h */ = {isa = PBXFileReference; fileEncoding = 4; lastKnownFileType = sourcecode.c.h; path = IDPMacros.h; sourceTree = "<group>"; };
		56495A901EDDB8F800265874 /* IDPRandom.h */ = {isa = PBXFileReference; fileEncoding = 4; lastKnownFileType = sourcecode.c.h; path = IDPRandom.h; sourceTree = "<group>"; };
		56495A911EDDB8F800265874 /* IDPRandom.m */ = {isa = PBXFileReference; fileEncoding = 4; lastKnownFileType = sourcecode.c.objc; path = IDPRandom.m; sourceTree = "<group>"; };
		56495A921EDDB8F800265874 /* main.m */ = {isa = PBXFileReference; fileEncoding = 4; lastKnownFileType = sourcecode.c.objc; path = main.m; sourceTree = "<group>"; };
		56495A941EDDB8F800265874 /* IDPCarWashTests.h */ = {isa = PBXFileReference; fileEncoding = 4; lastKnownFileType = sourcecode.c.h; path = IDPCarWashTests.h; sourceTree = "<group>"; };
		56495A951EDDB8F800265874 /* IDPCarWashTests.m */ = {isa = PBXFileReference; fileEncoding = 4; lastKnownFileType = sourcecode.c.objc; path = IDPCarWashTests.m; sourceTree = "<group>"; };
		56495A971EDDB8F800265874 /* IDPAccountant.h */ = {isa = PBXFileReference; fileEncoding = 4; lastKnownFileType = sourcecode.c.h; path = IDPAccountant.h; sourceTree = "<group>"; };
		56495A981EDDB8F800265874 /* IDPAccountant.m */ = {isa = PBXFileReference; fileEncoding = 4; lastKnownFileType = sourcecode.c.objc; path = IDPAccountant.m; sourceTree = "<group>"; };
		56495A991EDDB8F800265874 /* IDPDirector.h */ = {isa = PBXFileReference; fileEncoding = 4; lastKnownFileType = sourcecode.c.h; path = IDPDirector.h; sourceTree = "<group>"; };
		56495A9A1EDDB8F800265874 /* IDPDirector.m */ = {isa = PBXFileReference; fileEncoding = 4; lastKnownFileType = sourcecode.c.objc; path = IDPDirector.m; sourceTree = "<group>"; };
		56495A9B1EDDB8F800265874 /* IDPMoneyFlow.h */ = {isa = PBXFileReference; fileEncoding = 4; lastKnownFileType = sourcecode.c.h; path = IDPMoneyFlow.h; sourceTree = "<group>"; };
		56495A9C1EDDB8F800265874 /* IDPObservableObject.h */ = {isa = PBXFileReference; fileEncoding = 4; lastKnownFileType = sourcecode.c.h; path = IDPObservableObject.h; sourceTree = "<group>"; };
		56495A9D1EDDB8F800265874 /* IDPObservableObject.m */ = {isa = PBXFileReference; fileEncoding = 4; lastKnownFileType = sourcecode.c.objc; path = IDPObservableObject.m; sourceTree = "<group>"; };
		56495A9E1EDDB8F800265874 /* IDPWasher.h */ = {isa = PBXFileReference; fileEncoding = 4; lastKnownFileType = sourcecode.c.h; path = IDPWasher.h; sourceTree = "<group>"; };
		56495A9F1EDDB8F800265874 /* IDPWasher.m */ = {isa = PBXFileReference; fileEncoding = 4; lastKnownFileType = sourcecode.c.objc; path = IDPWasher.m; sourceTree = "<group>"; };
		56495AA01EDDB8F800265874 /* IDPWorker.h */ = {isa = PBXFileReference; fileEncoding = 4; lastKnownFileType = sourcecode.c.h; path = IDPWorker.h; sourceTree = "<group>"; };
		56495AA11EDDB8F800265874 /* IDPWorker.m */ = {isa = PBXFileReference; fileEncoding = 4; lastKnownFileType = sourcecode.c.objc; path = IDPWorker.m; sourceTree = "<group>"; };
		56495AA21EDDB8F800265874 /* IDPWorkerObserver.h */ = {isa = PBXFileReference; fileEncoding = 4; lastKnownFileType = sourcecode.c.h; path = IDPWorkerObserver.h; sourceTree = "<group>"; };
		56ADF7CC1ED320C4009703E6 /* Task07_ObjC */ = {isa = PBXFileReference; explicitFileType = "compiled.mach-o.executable"; includeInIndex = 0; path = Task07_ObjC; sourceTree = BUILT_PRODUCTS_DIR; };
/* End PBXFileReference section */

/* Begin PBXFrameworksBuildPhase section */
		56ADF7C91ED320C4009703E6 /* Frameworks */ = {
			isa = PBXFrameworksBuildPhase;
			buildActionMask = 2147483647;
			files = (
			);
			runOnlyForDeploymentPostprocessing = 0;
		};
/* End PBXFrameworksBuildPhase section */

/* Begin PBXGroup section */
		56495A7B1EDDB8F800265874 /* Sources */ = {
			isa = PBXGroup;
			children = (
				56495A851EDDB8F800265874 /* Extensions */,
				56495A8C1EDDB8F800265874 /* Library */,
				56495A7C1EDDB8F800265874 /* Enterprise */,
				56495A921EDDB8F800265874 /* main.m */,
				56495A931EDDB8F800265874 /* Tests */,
				56495A961EDDB8F800265874 /* Workers */,
			);
			path = Sources;
			sourceTree = "<group>";
		};
		56495A7C1EDDB8F800265874 /* Enterprise */ = {
			isa = PBXGroup;
			children = (
				56495A7D1EDDB8F800265874 /* IDPCar.h */,
				56495A7E1EDDB8F800265874 /* IDPCar.m */,
				56495A7F1EDDB8F800265874 /* IDPCarDispatcher.h */,
				56495A801EDDB8F800265874 /* IDPCarDispatcher.m */,
				56495A811EDDB8F800265874 /* IDPEnterprise.h */,
				56495A821EDDB8F800265874 /* IDPEnterprise.m */,
				56495A831EDDB8F800265874 /* IDPQueue.h */,
				56495A841EDDB8F800265874 /* IDPQueue.m */,
			);
			path = Enterprise;
			sourceTree = "<group>";
		};
		56495A851EDDB8F800265874 /* Extensions */ = {
			isa = PBXGroup;
			children = (
				56495A861EDDB8F800265874 /* NSArray+IDPExtensions.h */,
				56495A871EDDB8F800265874 /* NSArray+IDPExtensions.m */,
				56495A881EDDB8F800265874 /* NSMutableArray+IDPExtensions.h */,
				56495A891EDDB8F800265874 /* NSMutableArray+IDPExtensions.m */,
				56495A8A1EDDB8F800265874 /* NSObject+IDPExtensions.h */,
				56495A8B1EDDB8F800265874 /* NSObject+IDPExtensions.m */,
				5646D7AD1EE1352600A92320 /* NSTimer+IDPExtensions.h */,
				5646D7AE1EE1352600A92320 /* NSTimer+IDPExtensions.m */,
			);
			path = Extensions;
			sourceTree = "<group>";
		};
		56495A8C1EDDB8F800265874 /* Library */ = {
			isa = PBXGroup;
			children = (
				56495A8D1EDDB8F800265874 /* IDPConstants.h */,
				56495A8E1EDDB8F800265874 /* IDPConstants.m */,
				56495A8F1EDDB8F800265874 /* IDPMacros.h */,
				56495A901EDDB8F800265874 /* IDPRandom.h */,
				56495A911EDDB8F800265874 /* IDPRandom.m */,
			);
			path = Library;
			sourceTree = "<group>";
		};
		56495A931EDDB8F800265874 /* Tests */ = {
			isa = PBXGroup;
			children = (
				56495A941EDDB8F800265874 /* IDPCarWashTests.h */,
				56495A951EDDB8F800265874 /* IDPCarWashTests.m */,
			);
			path = Tests;
			sourceTree = "<group>";
		};
		56495A961EDDB8F800265874 /* Workers */ = {
			isa = PBXGroup;
			children = (
				56495A971EDDB8F800265874 /* IDPAccountant.h */,
				56495A981EDDB8F800265874 /* IDPAccountant.m */,
				56495A991EDDB8F800265874 /* IDPDirector.h */,
				56495A9A1EDDB8F800265874 /* IDPDirector.m */,
				56495A9B1EDDB8F800265874 /* IDPMoneyFlow.h */,
				56495A9C1EDDB8F800265874 /* IDPObservableObject.h */,
				56495A9D1EDDB8F800265874 /* IDPObservableObject.m */,
				56495A9E1EDDB8F800265874 /* IDPWasher.h */,
				56495A9F1EDDB8F800265874 /* IDPWasher.m */,
				56495AA01EDDB8F800265874 /* IDPWorker.h */,
				56495AA11EDDB8F800265874 /* IDPWorker.m */,
				56495AA21EDDB8F800265874 /* IDPWorkerObserver.h */,
			);
			path = Workers;
			sourceTree = "<group>";
		};
		56ADF7C31ED320C4009703E6 = {
			isa = PBXGroup;
			children = (
				56ADF7CE1ED320C4009703E6 /* Task07_ObjC */,
				56ADF7CD1ED320C4009703E6 /* Products */,
			);
			sourceTree = "<group>";
		};
		56ADF7CD1ED320C4009703E6 /* Products */ = {
			isa = PBXGroup;
			children = (
				56ADF7CC1ED320C4009703E6 /* Task07_ObjC */,
			);
			name = Products;
			sourceTree = "<group>";
		};
		56ADF7CE1ED320C4009703E6 /* Task07_ObjC */ = {
			isa = PBXGroup;
			children = (
				56495A7B1EDDB8F800265874 /* Sources */,
			);
			path = Task07_ObjC;
			sourceTree = "<group>";
		};
/* End PBXGroup section */

/* Begin PBXNativeTarget section */
		56ADF7CB1ED320C4009703E6 /* Task07_ObjC */ = {
			isa = PBXNativeTarget;
			buildConfigurationList = 56ADF7D31ED320C4009703E6 /* Build configuration list for PBXNativeTarget "Task07_ObjC" */;
			buildPhases = (
				56ADF7C81ED320C4009703E6 /* Sources */,
				56ADF7C91ED320C4009703E6 /* Frameworks */,
				56ADF7CA1ED320C4009703E6 /* CopyFiles */,
			);
			buildRules = (
			);
			dependencies = (
			);
			name = Task07_ObjC;
			productName = Task07_ObjC;
			productReference = 56ADF7CC1ED320C4009703E6 /* Task07_ObjC */;
			productType = "com.apple.product-type.tool";
		};
/* End PBXNativeTarget section */

/* Begin PBXProject section */
		56ADF7C41ED320C4009703E6 /* Project object */ = {
			isa = PBXProject;
			attributes = {
				LastUpgradeCheck = 0820;
				ORGANIZATIONNAME = Student003;
				TargetAttributes = {
					56ADF7CB1ED320C4009703E6 = {
						CreatedOnToolsVersion = 8.2.1;
						ProvisioningStyle = Automatic;
					};
				};
			};
			buildConfigurationList = 56ADF7C71ED320C4009703E6 /* Build configuration list for PBXProject "Task07_ObjC" */;
			compatibilityVersion = "Xcode 3.2";
			developmentRegion = English;
			hasScannedForEncodings = 0;
			knownRegions = (
				en,
			);
			mainGroup = 56ADF7C31ED320C4009703E6;
			productRefGroup = 56ADF7CD1ED320C4009703E6 /* Products */;
			projectDirPath = "";
			projectRoot = "";
			targets = (
				56ADF7CB1ED320C4009703E6 /* Task07_ObjC */,
			);
		};
/* End PBXProject section */

/* Begin PBXSourcesBuildPhase section */
		56ADF7C81ED320C4009703E6 /* Sources */ = {
			isa = PBXSourcesBuildPhase;
			buildActionMask = 2147483647;
			files = (
				56495AAC1EDDB8F800265874 /* main.m in Sources */,
				56495AB01EDDB8F800265874 /* IDPObservableObject.m in Sources */,
				56495AA71EDDB8F800265874 /* NSArray+IDPExtensions.m in Sources */,
				56495AAF1EDDB8F800265874 /* IDPDirector.m in Sources */,
				56495AAD1EDDB8F800265874 /* IDPCarWashTests.m in Sources */,
				56495AA81EDDB8F800265874 /* NSMutableArray+IDPExtensions.m in Sources */,
				56495AAB1EDDB8F800265874 /* IDPRandom.m in Sources */,
				56495AB11EDDB8F800265874 /* IDPWasher.m in Sources */,
				56495AA51EDDB8F800265874 /* IDPEnterprise.m in Sources */,
				56495AAA1EDDB8F800265874 /* IDPConstants.m in Sources */,
				5646D7AF1EE1352600A92320 /* NSTimer+IDPExtensions.m in Sources */,
				56495AA31EDDB8F800265874 /* IDPCar.m in Sources */,
				56495AA41EDDB8F800265874 /* IDPCarDispatcher.m in Sources */,
				56495AA61EDDB8F800265874 /* IDPQueue.m in Sources */,
				56495AB21EDDB8F800265874 /* IDPWorker.m in Sources */,
				56495AA91EDDB8F800265874 /* NSObject+IDPExtensions.m in Sources */,
				56495AAE1EDDB8F800265874 /* IDPAccountant.m in Sources */,
			);
			runOnlyForDeploymentPostprocessing = 0;
		};
/* End PBXSourcesBuildPhase section */

/* Begin XCBuildConfiguration section */
		56ADF7D11ED320C4009703E6 /* Debug */ = {
			isa = XCBuildConfiguration;
			buildSettings = {
				ALWAYS_SEARCH_USER_PATHS = NO;
				CLANG_ANALYZER_NONNULL = YES;
				CLANG_CXX_LANGUAGE_STANDARD = "gnu++0x";
				CLANG_CXX_LIBRARY = "libc++";
				CLANG_ENABLE_MODULES = YES;
				CLANG_ENABLE_OBJC_ARC = NO;
				CLANG_WARN_BOOL_CONVERSION = YES;
				CLANG_WARN_CONSTANT_CONVERSION = YES;
				CLANG_WARN_DIRECT_OBJC_ISA_USAGE = YES_ERROR;
				CLANG_WARN_DOCUMENTATION_COMMENTS = YES;
				CLANG_WARN_EMPTY_BODY = YES;
				CLANG_WARN_ENUM_CONVERSION = YES;
				CLANG_WARN_INFINITE_RECURSION = YES;
				CLANG_WARN_INT_CONVERSION = YES;
				CLANG_WARN_OBJC_ROOT_CLASS = YES_ERROR;
				CLANG_WARN_SUSPICIOUS_MOVE = YES;
				CLANG_WARN_UNREACHABLE_CODE = YES;
				CLANG_WARN__DUPLICATE_METHOD_MATCH = YES;
				CODE_SIGN_IDENTITY = "-";
				COPY_PHASE_STRIP = NO;
				DEBUG_INFORMATION_FORMAT = dwarf;
				ENABLE_STRICT_OBJC_MSGSEND = YES;
				ENABLE_TESTABILITY = YES;
				GCC_C_LANGUAGE_STANDARD = gnu99;
				GCC_DYNAMIC_NO_PIC = NO;
				GCC_NO_COMMON_BLOCKS = YES;
				GCC_OPTIMIZATION_LEVEL = 0;
				GCC_PREPROCESSOR_DEFINITIONS = (
					"DEBUG=1",
					"$(inherited)",
				);
				GCC_WARN_64_TO_32_BIT_CONVERSION = YES;
				GCC_WARN_ABOUT_RETURN_TYPE = YES_ERROR;
				GCC_WARN_UNDECLARED_SELECTOR = YES;
				GCC_WARN_UNINITIALIZED_AUTOS = YES_AGGRESSIVE;
				GCC_WARN_UNUSED_FUNCTION = YES;
				GCC_WARN_UNUSED_VARIABLE = YES;
				MACOSX_DEPLOYMENT_TARGET = 10.12;
				MTL_ENABLE_DEBUG_INFO = YES;
				ONLY_ACTIVE_ARCH = YES;
				SDKROOT = macosx;
			};
			name = Debug;
		};
		56ADF7D21ED320C4009703E6 /* Release */ = {
			isa = XCBuildConfiguration;
			buildSettings = {
				ALWAYS_SEARCH_USER_PATHS = NO;
				CLANG_ANALYZER_NONNULL = YES;
				CLANG_CXX_LANGUAGE_STANDARD = "gnu++0x";
				CLANG_CXX_LIBRARY = "libc++";
				CLANG_ENABLE_MODULES = YES;
				CLANG_ENABLE_OBJC_ARC = NO;
				CLANG_WARN_BOOL_CONVERSION = YES;
				CLANG_WARN_CONSTANT_CONVERSION = YES;
				CLANG_WARN_DIRECT_OBJC_ISA_USAGE = YES_ERROR;
				CLANG_WARN_DOCUMENTATION_COMMENTS = YES;
				CLANG_WARN_EMPTY_BODY = YES;
				CLANG_WARN_ENUM_CONVERSION = YES;
				CLANG_WARN_INFINITE_RECURSION = YES;
				CLANG_WARN_INT_CONVERSION = YES;
				CLANG_WARN_OBJC_ROOT_CLASS = YES_ERROR;
				CLANG_WARN_SUSPICIOUS_MOVE = YES;
				CLANG_WARN_UNREACHABLE_CODE = YES;
				CLANG_WARN__DUPLICATE_METHOD_MATCH = YES;
				CODE_SIGN_IDENTITY = "-";
				COPY_PHASE_STRIP = NO;
				DEBUG_INFORMATION_FORMAT = "dwarf-with-dsym";
				ENABLE_NS_ASSERTIONS = NO;
				ENABLE_STRICT_OBJC_MSGSEND = YES;
				GCC_C_LANGUAGE_STANDARD = gnu99;
				GCC_NO_COMMON_BLOCKS = YES;
				GCC_WARN_64_TO_32_BIT_CONVERSION = YES;
				GCC_WARN_ABOUT_RETURN_TYPE = YES_ERROR;
				GCC_WARN_UNDECLARED_SELECTOR = YES;
				GCC_WARN_UNINITIALIZED_AUTOS = YES_AGGRESSIVE;
				GCC_WARN_UNUSED_FUNCTION = YES;
				GCC_WARN_UNUSED_VARIABLE = YES;
				MACOSX_DEPLOYMENT_TARGET = 10.12;
				MTL_ENABLE_DEBUG_INFO = NO;
				SDKROOT = macosx;
			};
			name = Release;
		};
		56ADF7D41ED320C4009703E6 /* Debug */ = {
			isa = XCBuildConfiguration;
			buildSettings = {
				PRODUCT_NAME = "$(TARGET_NAME)";
			};
			name = Debug;
		};
		56ADF7D51ED320C4009703E6 /* Release */ = {
			isa = XCBuildConfiguration;
			buildSettings = {
				PRODUCT_NAME = "$(TARGET_NAME)";
			};
			name = Release;
		};
/* End XCBuildConfiguration section */

/* Begin XCConfigurationList section */
		56ADF7C71ED320C4009703E6 /* Build configuration list for PBXProject "Task07_ObjC" */ = {
			isa = XCConfigurationList;
			buildConfigurations = (
				56ADF7D11ED320C4009703E6 /* Debug */,
				56ADF7D21ED320C4009703E6 /* Release */,
			);
			defaultConfigurationIsVisible = 0;
			defaultConfigurationName = Release;
		};
		56ADF7D31ED320C4009703E6 /* Build configuration list for PBXNativeTarget "Task07_ObjC" */ = {
			isa = XCConfigurationList;
			buildConfigurations = (
				56ADF7D41ED320C4009703E6 /* Debug */,
				56ADF7D51ED320C4009703E6 /* Release */,
			);
			defaultConfigurationIsVisible = 0;
			defaultConfigurationName = Release;
		};
/* End XCConfigurationList section */
	};
	rootObject = 56ADF7C41ED320C4009703E6 /* Project object */;
}
